# This file is automatically @generated by Cargo.
# It is not intended for manual editing.
version = 3

[[package]]
name = "projgit-cli"
version = "0.0.0"
dependencies = [
 "projgit-core",
]

[[package]]
name = "projgit-core"
version = "0.0.0"

[[package]]
name = "projgit-fuse"
version = "0.0.0"
dependencies = [
 "projgit-core",
]

[[package]]
name = "projgit-winfsp"
version = "0.0.0"
dependencies = [
 "projgit-core",
]
